
Microsoft Visual Studio Solution File, Format Version 12.00
# Visual Studio Version 17
VisualStudioVersion = 17.9.34723.18
MinimumVisualStudioVersion = 10.0.40219.1
Project("{9A19103F-16F7-4668-BE54-9A1E7A4F7556}") = "BlazorApp", "BlazorApp\BlazorApp\BlazorApp.csproj", "{CFD0BD05-765E-47C5-9EB4-5BBE9F57BC3B}"
EndProject
Project("{9A19103F-16F7-4668-BE54-9A1E7A4F7556}") = "BlazorApp.Client", "BlazorApp\BlazorApp.Client\BlazorApp.Client.csproj", "{C4DF368B-D6A8-47B8-A0EB-02EA36483A19}"
EndProject
Global
	GlobalSection(SolutionConfigurationPlatforms) = preSolution
		Debug|Any CPU = Debug|Any CPU
		Release|Any CPU = Release|Any CPU
	EndGlobalSection
	GlobalSection(ProjectConfigurationPlatforms) = postSolution
		{CFD0BD05-765E-47C5-9EB4-5BBE9F57BC3B}.Debug|Any CPU.ActiveCfg = Debug|Any CPU
		{CFD0BD05-765E-47C5-9EB4-5BBE9F57BC3B}.Debug|Any CPU.Build.0 = Debug|Any CPU
		{CFD0BD05-765E-47C5-9EB4-5BBE9F57BC3B}.Release|Any CPU.ActiveCfg = Release|Any CPU
		{CFD0BD05-765E-47C5-9EB4-5BBE9F57BC3B}.Release|Any CPU.Build.0 = Release|Any CPU
		{C4DF368B-D6A8-47B8-A0EB-02EA36483A19}.Debug|Any CPU.ActiveCfg = Debug|Any CPU
		{C4DF368B-D6A8-47B8-A0EB-02EA36483A19}.Debug|Any CPU.Build.0 = Debug|Any CPU
		{C4DF368B-D6A8-47B8-A0EB-02EA36483A19}.Release|Any CPU.ActiveCfg = Release|Any CPU
		{C4DF368B-D6A8-47B8-A0EB-02EA36483A19}.Release|Any CPU.Build.0 = Release|Any CPU
	EndGlobalSection
	GlobalSection(SolutionProperties) = preSolution
		HideSolutionNode = FALSE
	EndGlobalSection
	GlobalSection(ExtensibilityGlobals) = postSolution
		SolutionGuid = {DADC22C8-D5F3-4C56-92A4-ACA41842EEBB}
	EndGlobalSection
EndGlobal
